
Microsoft Visual Studio Solution File, Format Version 12.00
# Visual Studio Version 17
VisualStudioVersion = 17.8.34309.116
MinimumVisualStudioVersion = 10.0.40219.1
Project("{FAE04EC0-301F-11D3-BF4B-00C04F79EFBC}") = "GitTest", "GitTest.csproj", "{EAFB7275-118B-4727-BB7C-C73F17715FB8}"
EndProject
Global
	GlobalSection(SolutionConfigurationPlatforms) = preSolution
		Debug|Any CPU = Debug|Any CPU
		Release|Any CPU = Release|Any CPU
	EndGlobalSection
	GlobalSection(ProjectConfigurationPlatforms) = postSolution
		{EAFB7275-118B-4727-BB7C-C73F17715FB8}.Debug|Any CPU.ActiveCfg = Debug|Any CPU
		{EAFB7275-118B-4727-BB7C-C73F17715FB8}.Debug|Any CPU.Build.0 = Debug|Any CPU
		{EAFB7275-118B-4727-BB7C-C73F17715FB8}.Release|Any CPU.ActiveCfg = Release|Any CPU
		{EAFB7275-118B-4727-BB7C-C73F17715FB8}.Release|Any CPU.Build.0 = Release|Any CPU
	EndGlobalSection
	GlobalSection(SolutionProperties) = preSolution
		HideSolutionNode = FALSE
	EndGlobalSection
	GlobalSection(ExtensibilityGlobals) = postSolution
		SolutionGuid = {1753A0B7-5246-4DC0-81FA-23885CF9956D}
	EndGlobalSection
EndGlobal
